<?xml version="1.0" encoding="utf-8"?>
<Project ToolsVersion="4.0" xmlns="http://schemas.microsoft.com/developer/msbuild/2003">
  <ItemGroup>
    <Filter Include="Source Files">
      <UniqueIdentifier>{4FC737F1-C7A5-4376-A066-2A32D752A2FF}</UniqueIdentifier>
      <Extensions>cpp;c;cc;cxx;def;odl;idl;hpj;bat;asm;asmx</Extensions>
    </Filter>
    <Filter Include="Header Files">
      <UniqueIdentifier>{93995380-89BD-4b04-88EB-625FBE52EBFB}</UniqueIdentifier>
      <Extensions>h;hh;hpp;hxx;hm;inl;inc;ipp;xsd</Extensions>
    </Filter>
    <Filter Include="Resource Files">
      <UniqueIdentifier>{67DA6AB6-F800-4c08-8B7A-83BB121AAD01}</UniqueIdentifier>
      <Extensions>rc;ico;cur;bmp;dlg;rc2;rct;bin;rgs;gif;jpg;jpeg;jpe;resx;tiff;tif;png;wav;mfcribbon-ms</Extensions>
    </Filter>
  </ItemGroup>
  <ItemGroup>
    <ClCompile Include="C-Data-Structures.c">
      <Filter>Source Files</Filter>
    </ClCompile>
    <ClCompile Include="Structures\StructureConversions.c">
      <Filter>Source Files</Filter>
    </ClCompile>
    <ClCompile Include="Structures\Vector.c">
      <Filter>Source Files</Filter>
    </ClCompile>
    <ClCompile Include="Tests\ConversionTests.c">
      <Filter>Source Files</Filter>
    </ClCompile>
    <ClCompile Include="Tests\VectorTests.c">
      <Filter>Source Files</Filter>
    </ClCompile>
    <ClCompile Include="Structures\SinglyLinkedList.c">
      <Filter>Source Files</Filter>
    </ClCompile>
    <ClCompile Include="Structures\Array.c">
      <Filter>Source Files</Filter>
    </ClCompile>
    <ClCompile Include="Structures\DoublyLinkedList.c">
      <Filter>Source Files</Filter>
    </ClCompile>
    <ClCompile Include="Structures\Stack.c">
      <Filter>Source Files</Filter>
    </ClCompile>
    <ClCompile Include="Tests\ArrayTests.c">
      <Filter>Source Files</Filter>
    </ClCompile>
    <ClCompile Include="Tests\DoublyLinkedListTests.c">
      <Filter>Source Files</Filter>
    </ClCompile>
    <ClCompile Include="Tests\SinglyLinkedListTests.c">
      <Filter>Source Files</Filter>
    </ClCompile>
    <ClCompile Include="Tests\StackTests.c">
      <Filter>Source Files</Filter>
    </ClCompile>
    <ClCompile Include="Tests\SortingTests.c">
      <Filter>Source Files</Filter>
    </ClCompile>
    <ClCompile Include="Core\Core.c">
      <Filter>Source Files</Filter>
    </ClCompile>
    <ClCompile Include="Tests\CircularLinkedListTests.c">
      <Filter>Source Files</Filter>
    </ClCompile>
    <ClCompile Include="Structures\CircularLinkedList.c">
      <Filter>Source Files</Filter>
    </ClCompile>
    <ClCompile Include="Structures\DynamicArray.c">
      <Filter>Source Files</Filter>
    </ClCompile>
    <ClCompile Include="Tests\DynamicArrayTests.c">
      <Filter>Source Files</Filter>
    </ClCompile>
  </ItemGroup>
  <ItemGroup>
    <ClInclude Include="Headers\Core.h">
      <Filter>Header Files</Filter>
    </ClInclude>
    <ClInclude Include="Headers\StructureConversions.h">
      <Filter>Header Files</Filter>
    </ClInclude>
    <ClInclude Include="Headers\Vector.h">
      <Filter>Header Files</Filter>
    </ClInclude>
    <ClInclude Include="Headers\Array.h">
      <Filter>Header Files</Filter>
    </ClInclude>
    <ClInclude Include="Headers\DoublyLinkedList.h">
      <Filter>Header Files</Filter>
    </ClInclude>
    <ClInclude Include="Headers\SinglyLinkedList.h">
      <Filter>Header Files</Filter>
    </ClInclude>
    <ClInclude Include="Headers\Stack.h">
      <Filter>Header Files</Filter>
    </ClInclude>
    <ClInclude Include="Core\Core.h">
      <Filter>Header Files</Filter>
    </ClInclude>
    <ClInclude Include="Core\Structures.h">
      <Filter>Header Files</Filter>
    </ClInclude>
    <ClInclude Include="Core\Tests.h">
      <Filter>Header Files</Filter>
    </ClInclude>
    <ClInclude Include="Headers\CircularLinkedList.h">
      <Filter>Header Files</Filter>
    </ClInclude>
    <ClInclude Include="Headers\DynamicArray.h">
      <Filter>Header Files</Filter>
    </ClInclude>
  </ItemGroup>
</Project>